Microsoft Visual Studio Solution File, Format Version 12.00
# Visual Studio Version 17
VisualStudioVersion = 17.5.2.0
MinimumVisualStudioVersion = 10.0.40219.1
Project("{FAE04EC0-301F-11D3-BF4B-00C04F79EFBC}") = "c# oppgave 2", "c# oppgave 2.csproj", "{CEE6C00C-ABD1-622C-2A45-555DCF3F6681}"
EndProject
Global
	GlobalSection(SolutionConfigurationPlatforms) = preSolution
		Debug|Any CPU = Debug|Any CPU
		Release|Any CPU = Release|Any CPU
	EndGlobalSection
	GlobalSection(ProjectConfigurationPlatforms) = postSolution
		{CEE6C00C-ABD1-622C-2A45-555DCF3F6681}.Debug|Any CPU.ActiveCfg = Debug|Any CPU
		{CEE6C00C-ABD1-622C-2A45-555DCF3F6681}.Debug|Any CPU.Build.0 = Debug|Any CPU
		{CEE6C00C-ABD1-622C-2A45-555DCF3F6681}.Release|Any CPU.ActiveCfg = Release|Any CPU
		{CEE6C00C-ABD1-622C-2A45-555DCF3F6681}.Release|Any CPU.Build.0 = Release|Any CPU
	EndGlobalSection
	GlobalSection(SolutionProperties) = preSolution
		HideSolutionNode = FALSE
	EndGlobalSection
	GlobalSection(ExtensibilityGlobals) = postSolution
		SolutionGuid = {5D39DDF1-FFCA-40E9-B391-21B8A5F1B72B}
	EndGlobalSection
EndGlobal
